// !$*UTF8*$!
{
	archiveVersion = 1;
	classes = {
	};
	objectVersion = 48;
	objects = {

/* Begin PBXBuildFile section */
		478B81C11FDC2884009CECB8 /* AppDelegate.swift in Sources */ = {isa = PBXBuildFile; fileRef = 478B81C01FDC2884009CECB8 /* AppDelegate.swift */; };
		478B81C31FDC2884009CECB8 /* ViewController.swift in Sources */ = {isa = PBXBuildFile; fileRef = 478B81C21FDC2884009CECB8 /* ViewController.swift */; };
		478B81C61FDC2884009CECB8 /* Main.storyboard in Resources */ = {isa = PBXBuildFile; fileRef = 478B81C41FDC2884009CECB8 /* Main.storyboard */; };
		478B81C81FDC2884009CECB8 /* Assets.xcassets in Resources */ = {isa = PBXBuildFile; fileRef = 478B81C71FDC2884009CECB8 /* Assets.xcassets */; };
		478B81CB1FDC2884009CECB8 /* LaunchScreen.storyboard in Resources */ = {isa = PBXBuildFile; fileRef = 478B81C91FDC2884009CECB8 /* LaunchScreen.storyboard */; };
/* End PBXBuildFile section */

/* Begin PBXFileReference section */
		478B81BD1FDC2884009CECB8 /* Life Thing App.app */ = {isa = PBXFileReference; explicitFileType = wrapper.application; includeInIndex = 0; path = "Life Thing App.app"; sourceTree = BUILT_PRODUCTS_DIR; };
		478B81C01FDC2884009CECB8 /* AppDelegate.swift */ = {isa = PBXFileReference; lastKnownFileType = sourcecode.swift; path = AppDelegate.swift; sourceTree = "<group>"; };
		478B81C21FDC2884009CECB8 /* ViewController.swift */ = {isa = PBXFileReference; lastKnownFileType = sourcecode.swift; path = ViewController.swift; sourceTree = "<group>"; };
		478B81C51FDC2884009CECB8 /* Base */ = {isa = PBXFileReference; lastKnownFileType = file.storyboard; name = Base; path = Base.lproj/Main.storyboard; sourceTree = "<group>"; };
		478B81C71FDC2884009CECB8 /* Assets.xcassets */ = {isa = PBXFileReference; lastKnownFileType = folder.assetcatalog; path = Assets.xcassets; sourceTree = "<group>"; };
		478B81CA1FDC2884009CECB8 /* Base */ = {isa = PBXFileReference; lastKnownFileType = file.storyboard; name = Base; path = Base.lproj/LaunchScreen.storyboard; sourceTree = "<group>"; };
		478B81CC1FDC2884009CECB8 /* Info.plist */ = {isa = PBXFileReference; lastKnownFileType = text.plist.xml; path = Info.plist; sourceTree = "<group>"; };
/* End PBXFileReference section */

/* Begin PBXFrameworksBuildPhase section */
		478B81BA1FDC2884009CECB8 /* Frameworks */ = {
			isa = PBXFrameworksBuildPhase;
			buildActionMask = 2147483647;
			files = (
			);
			runOnlyForDeploymentPostprocessing = 0;
		};
/* End PBXFrameworksBuildPhase section */

/* Begin PBXGroup section */
		478B81B41FDC2884009CECB8 = {
			isa = PBXGroup;
			children = (
				478B81BF1FDC2884009CECB8 /* Life Thing App */,
				478B81BE1FDC2884009CECB8 /* Products */,
			);
			sourceTree = "<group>";
		};
		478B81BE1FDC2884009CECB8 /* Products */ = {
			isa = PBXGroup;
			children = (
				478B81BD1FDC2884009CECB8 /* Life Thing App.app */,
			);
			name = Products;
			sourceTree = "<group>";
		};
		478B81BF1FDC2884009CECB8 /* Life Thing App */ = {
			isa = PBXGroup;
			children = (
				478B81C01FDC2884009CECB8 /* AppDelegate.swift */,
				478B81C21FDC2884009CECB8 /* ViewController.swift */,
				478B81C41FDC2884009CECB8 /* Main.storyboard */,
				478B81C71FDC2884009CECB8 /* Assets.xcassets */,
				478B81C91FDC2884009CECB8 /* LaunchScreen.storyboard */,
				478B81CC1FDC2884009CECB8 /* Info.plist */,
			);
			path = "Life Thing App";
			sourceTree = "<group>";
		};
/* End PBXGroup section */

/* Begin PBXNativeTarget section */
		478B81BC1FDC2884009CECB8 /* Life Thing App */ = {
			isa = PBXNativeTarget;
			buildConfigurationList = 478B81CF1FDC2884009CECB8 /* Build configuration list for PBXNativeTarget "Life Thing App" */;
			buildPhases = (
				478B81B91FDC2884009CECB8 /* Sources */,
				478B81BA1FDC2884009CECB8 /* Frameworks */,
				478B81BB1FDC2884009CECB8 /* Resources */,
			);
			buildRules = (
			);
			dependencies = (
			);
			name = "Life Thing App";
			productName = "Life Thing App";
			productReference = 478B81BD1FDC2884009CECB8 /* Life Thing App.app */;
			productType = "com.apple.product-type.application";
		};
/* End PBXNativeTarget section */

/* Begin PBXProject section */
		478B81B51FDC2884009CECB8 /* Project object */ = {
			isa = PBXProject;
			attributes = {
				LastSwiftUpdateCheck = 0920;
				LastUpgradeCheck = 0920;
				ORGANIZATIONNAME = "Tianchen Wu";
				TargetAttributes = {
					478B81BC1FDC2884009CECB8 = {
						CreatedOnToolsVersion = 9.2;
						ProvisioningStyle = Automatic;
					};
				};
			};
			buildConfigurationList = 478B81B81FDC2884009CECB8 /* Build configuration list for PBXProject "Life Thing App" */;
			compatibilityVersion = "Xcode 8.0";
			developmentRegion = en;
			hasScannedForEncodings = 0;
			knownRegions = (
				en,
				Base,
			);
			mainGroup = 478B81B41FDC2884009CECB8;
			productRefGroup = 478B81BE1FDC2884009CECB8 /* Products */;
			projectDirPath = "";
			projectRoot = "";
			targets = (
				478B81BC1FDC2884009CECB8 /* Life Thing App */,
			);
		};
/* End PBXProject section */

/* Begin PBXResourcesBuildPhase section */
		478B81BB1FDC2884009CECB8 /* Resources */ = {
			isa = PBXResourcesBuildPhase;
			buildActionMask = 2147483647;
			files = (
				478B81CB1FDC2884009CECB8 /* LaunchScreen.storyboard in Resources */,
				478B81C81FDC2884009CECB8 /* Assets.xcassets in Resources */,
				478B81C61FDC2884009CECB8 /* Main.storyboard in Resources */,
			);
			runOnlyForDeploymentPostprocessing = 0;
		};
/* End PBXResourcesBuildPhase section */

/* Begin PBXSourcesBuildPhase section */
		478B81B91FDC2884009CECB8 /* Sources */ = {
			isa = PBXSourcesBuildPhase;
			buildActionMask = 2147483647;
			files = (
				478B81C31FDC2884009CECB8 /* ViewController.swift in Sources */,
				478B81C11FDC2884009CECB8 /* AppDelegate.swift in Sources */,
			);
			runOnlyForDeploymentPostprocessing = 0;
		};
/* End PBXSourcesBuildPhase section */

/* Begin PBXVariantGroup section */
		478B81C41FDC2884009CECB8 /* Main.storyboard */ = {
			isa = PBXVariantGroup;
			children = (
				478B81C51FDC2884009CECB8 /* Base */,
			);
			name = Main.storyboard;
			sourceTree = "<group>";
		};
		478B81C91FDC2884009CECB8 /* LaunchScreen.storyboard */ = {
			isa = PBXVariantGroup;
			children = (
				478B81CA1FDC2884009CECB8 /* Base */,
			);
			name = LaunchScreen.storyboard;
			sourceTree = "<group>";
		};
/* End PBXVariantGroup section */

/* Begin XCBuildConfiguration section */
		478B81CD1FDC2884009CECB8 /* Debug */ = {
			isa = XCBuildConfiguration;
			buildSettings = {
				ALWAYS_SEARCH_USER_PATHS = NO;
				CLANG_ANALYZER_NONNULL = YES;
				CLANG_ANALYZER_NUMBER_OBJECT_CONVERSION = YES_AGGRESSIVE;
				CLANG_CXX_LANGUAGE_STANDARD = "gnu++14";
				CLANG_CXX_LIBRARY = "libc++";
				CLANG_ENABLE_MODULES = YES;
				CLANG_ENABLE_OBJC_ARC = YES;
				CLANG_WARN_BLOCK_CAPTURE_AUTORELEASING = YES;
				CLANG_WARN_BOOL_CONVERSION = YES;
				CLANG_WARN_COMMA = YES;
				CLANG_WARN_CONSTANT_CONVERSION = YES;
				CLANG_WARN_DIRECT_OBJC_ISA_USAGE = YES_ERROR;
				CLANG_WARN_DOCUMENTATION_COMMENTS = YES;
				CLANG_WARN_EMPTY_BODY = YES;
				CLANG_WARN_ENUM_CONVERSION = YES;
				CLANG_WARN_INFINITE_RECURSION = YES;
				CLANG_WARN_INT_CONVERSION = YES;
				CLANG_WARN_NON_LITERAL_NULL_CONVERSION = YES;
				CLANG_WARN_OBJC_LITERAL_CONVERSION = YES;
				CLANG_WARN_OBJC_ROOT_CLASS = YES_ERROR;
				CLANG_WARN_RANGE_LOOP_ANALYSIS = YES;
				CLANG_WARN_STRICT_PROTOTYPES = YES;
				CLANG_WARN_SUSPICIOUS_MOVE = YES;
				CLANG_WARN_UNGUARDED_AVAILABILITY = YES_AGGRESSIVE;
				CLANG_WARN_UNREACHABLE_CODE = YES;
				CLANG_WARN__DUPLICATE_METHOD_MATCH = YES;
				CODE_SIGN_IDENTITY = "iPhone Developer";
				COPY_PHASE_STRIP = NO;
				DEBUG_INFORMATION_FORMAT = dwarf;
				ENABLE_STRICT_OBJC_MSGSEND = YES;
				ENABLE_TESTABILITY = YES;
				GCC_C_LANGUAGE_STANDARD = gnu11;
				GCC_DYNAMIC_NO_PIC = NO;
				GCC_NO_COMMON_BLOCKS = YES;
				GCC_OPTIMIZATION_LEVEL = 0;
				GCC_PREPROCESSOR_DEFINITIONS = (
					"DEBUG=1",
					"$(inherited)",
				);
				GCC_WARN_64_TO_32_BIT_CONVERSION = YES;
				GCC_WARN_ABOUT_RETURN_TYPE = YES_ERROR;
				GCC_WARN_UNDECLARED_SELECTOR = YES;
				GCC_WARN_UNINITIALIZED_AUTOS = YES_AGGRESSIVE;
				GCC_WARN_UNUSED_FUNCTION = YES;
				GCC_WARN_UNUSED_VARIABLE = YES;
				IPHONEOS_DEPLOYMENT_TARGET = 11.2;
				MTL_ENABLE_DEBUG_INFO = YES;
				ONLY_ACTIVE_ARCH = YES;
				SDKROOT = iphoneos;
				SWIFT_ACTIVE_COMPILATION_CONDITIONS = DEBUG;
				SWIFT_OPTIMIZATION_LEVEL = "-Onone";
			};
			name = Debug;
		};
		478B81CE1FDC2884009CECB8 /* Release */ = {
			isa = XCBuildConfiguration;
			buildSettings = {
				ALWAYS_SEARCH_USER_PATHS = NO;
				CLANG_ANALYZER_NONNULL = YES;
				CLANG_ANALYZER_NUMBER_OBJECT_CONVERSION = YES_AGGRESSIVE;
				CLANG_CXX_LANGUAGE_STANDARD = "gnu++14";
				CLANG_CXX_LIBRARY = "libc++";
				CLANG_ENABLE_MODULES = YES;
				CLANG_ENABLE_OBJC_ARC = YES;
				CLANG_WARN_BLOCK_CAPTURE_AUTORELEASING = YES;
				CLANG_WARN_BOOL_CONVERSION = YES;
				CLANG_WARN_COMMA = YES;
				CLANG_WARN_CONSTANT_CONVERSION = YES;
				CLANG_WARN_DIRECT_OBJC_ISA_USAGE = YES_ERROR;
				CLANG_WARN_DOCUMENTATION_COMMENTS = YES;
				CLANG_WARN_EMPTY_BODY = YES;
				CLANG_WARN_ENUM_CONVERSION = YES;
				CLANG_WARN_INFINITE_RECURSION = YES;
				CLANG_WARN_INT_CONVERSION = YES;
				CLANG_WARN_NON_LITERAL_NULL_CONVERSION = YES;
				CLANG_WARN_OBJC_LITERAL_CONVERSION = YES;
				CLANG_WARN_OBJC_ROOT_CLASS = YES_ERROR;
				CLANG_WARN_RANGE_LOOP_ANALYSIS = YES;
				CLANG_WARN_STRICT_PROTOTYPES = YES;
				CLANG_WARN_SUSPICIOUS_MOVE = YES;
				CLANG_WARN_UNGUARDED_AVAILABILITY = YES_AGGRESSIVE;
				CLANG_WARN_UNREACHABLE_CODE = YES;
				CLANG_WARN__DUPLICATE_METHOD_MATCH = YES;
				CODE_SIGN_IDENTITY = "iPhone Developer";
				COPY_PHASE_STRIP = NO;
				DEBUG_INFORMATION_FORMAT = "dwarf-with-dsym";
				ENABLE_NS_ASSERTIONS = NO;
				ENABLE_STRICT_OBJC_MSGSEND = YES;
				GCC_C_LANGUAGE_STANDARD = gnu11;
				GCC_NO_COMMON_BLOCKS = YES;
				GCC_WARN_64_TO_32_BIT_CONVERSION = YES;
				GCC_WARN_ABOUT_RETURN_TYPE = YES_ERROR;
				GCC_WARN_UNDECLARED_SELECTOR = YES;
				GCC_WARN_UNINITIALIZED_AUTOS = YES_AGGRESSIVE;
				GCC_WARN_UNUSED_FUNCTION = YES;
				GCC_WARN_UNUSED_VARIABLE = YES;
				IPHONEOS_DEPLOYMENT_TARGET = 11.2;
				MTL_ENABLE_DEBUG_INFO = NO;
				SDKROOT = iphoneos;
				SWIFT_OPTIMIZATION_LEVEL = "-Owholemodule";
				VALIDATE_PRODUCT = YES;
			};
			name = Release;
		};
		478B81D01FDC2884009CECB8 /* Debug */ = {
			isa = XCBuildConfiguration;
			buildSettings = {
				ASSETCATALOG_COMPILER_APPICON_NAME = AppIcon;
				CODE_SIGN_STYLE = Automatic;
				DEVELOPMENT_TEAM = 369AJX8A8E;
				INFOPLIST_FILE = "Life Thing App/Info.plist";
				LD_RUNPATH_SEARCH_PATHS = "$(inherited) @executable_path/Frameworks";
				PRODUCT_BUNDLE_IDENTIFIER = "aisb.hu.Life-Thing-App";
				PRODUCT_NAME = "$(TARGET_NAME)";
				SWIFT_VERSION = 4.0;
				TARGETED_DEVICE_FAMILY = "1,2";
			};
			name = Debug;
		};
		478B81D11FDC2884009CECB8 /* Release */ = {
			isa = XCBuildConfiguration;
			buildSettings = {
				ASSETCATALOG_COMPILER_APPICON_NAME = AppIcon;
				CODE_SIGN_STYLE = Automatic;
				DEVELOPMENT_TEAM = 369AJX8A8E;
				INFOPLIST_FILE = "Life Thing App/Info.plist";
				LD_RUNPATH_SEARCH_PATHS = "$(inherited) @executable_path/Frameworks";
				PRODUCT_BUNDLE_IDENTIFIER = "aisb.hu.Life-Thing-App";
				PRODUCT_NAME = "$(TARGET_NAME)";
				SWIFT_VERSION = 4.0;
				TARGETED_DEVICE_FAMILY = "1,2";
			};
			name = Release;
		};
/* End XCBuildConfiguration section */

/* Begin XCConfigurationList section */
		478B81B81FDC2884009CECB8 /* Build configuration list for PBXProject "Life Thing App" */ = {
			isa = XCConfigurationList;
			buildConfigurations = (
				478B81CD1FDC2884009CECB8 /* Debug */,
				478B81CE1FDC2884009CECB8 /* Release */,
			);
			defaultConfigurationIsVisible = 0;
			defaultConfigurationName = Release;
		};
		478B81CF1FDC2884009CECB8 /* Build configuration list for PBXNativeTarget "Life Thing App" */ = {
			isa = XCConfigurationList;
			buildConfigurations = (
				478B81D01FDC2884009CECB8 /* Debug */,
				478B81D11FDC2884009CECB8 /* Release */,
			);
			defaultConfigurationIsVisible = 0;
			defaultConfigurationName = Release;
		};
/* End XCConfigurationList section */
	};
	rootObject = 478B81B51FDC2884009CECB8 /* Project object */;
}
